// !$*UTF8*$!
{
	archiveVersion = 1;
	classes = {
	};
	objectVersion = 56;
	objects = {

/* Begin PBXBuildFile section */
		347162862AAC945800676A5C /* ContentViewViewModel.swift in Sources */ = {isa = PBXBuildFile; fileRef = 347162852AAC945800676A5C /* ContentViewViewModel.swift */; };
		347162892AAC94BB00676A5C /* FullScreenViewViewModel.swift in Sources */ = {isa = PBXBuildFile; fileRef = 347162882AAC94BB00676A5C /* FullScreenViewViewModel.swift */; };
		3471628E2AAC971E00676A5C /* FullImageScreen.swift in Sources */ = {isa = PBXBuildFile; fileRef = 3471628D2AAC971E00676A5C /* FullImageScreen.swift */; };
		347162922AACB3F000676A5C /* Hero in Frameworks */ = {isa = PBXBuildFile; productRef = 347162912AACB3F000676A5C /* Hero */; };
		348146AA2AA3365D007767AB /* SandStromTestApp.swift in Sources */ = {isa = PBXBuildFile; fileRef = 348146A92AA3365D007767AB /* SandStromTestApp.swift */; };
		348146AC2AA3365D007767AB /* ContentView.swift in Sources */ = {isa = PBXBuildFile; fileRef = 348146AB2AA3365D007767AB /* ContentView.swift */; };
		348146AE2AA3365E007767AB /* Assets.xcassets in Resources */ = {isa = PBXBuildFile; fileRef = 348146AD2AA3365E007767AB /* Assets.xcassets */; };
		348146B12AA3365E007767AB /* Preview Assets.xcassets in Resources */ = {isa = PBXBuildFile; fileRef = 348146B02AA3365E007767AB /* Preview Assets.xcassets */; };
/* End PBXBuildFile section */

/* Begin PBXFileReference section */
		347162852AAC945800676A5C /* ContentViewViewModel.swift */ = {isa = PBXFileReference; lastKnownFileType = sourcecode.swift; path = ContentViewViewModel.swift; sourceTree = "<group>"; };
		347162882AAC94BB00676A5C /* FullScreenViewViewModel.swift */ = {isa = PBXFileReference; lastKnownFileType = sourcecode.swift; path = FullScreenViewViewModel.swift; sourceTree = "<group>"; };
		3471628D2AAC971E00676A5C /* FullImageScreen.swift */ = {isa = PBXFileReference; lastKnownFileType = sourcecode.swift; path = FullImageScreen.swift; sourceTree = "<group>"; };
		348146A62AA3365D007767AB /* SandStromTest.app */ = {isa = PBXFileReference; explicitFileType = wrapper.application; includeInIndex = 0; path = SandStromTest.app; sourceTree = BUILT_PRODUCTS_DIR; };
		348146A92AA3365D007767AB /* SandStromTestApp.swift */ = {isa = PBXFileReference; lastKnownFileType = sourcecode.swift; path = SandStromTestApp.swift; sourceTree = "<group>"; };
		348146AB2AA3365D007767AB /* ContentView.swift */ = {isa = PBXFileReference; lastKnownFileType = sourcecode.swift; path = ContentView.swift; sourceTree = "<group>"; };
		348146AD2AA3365E007767AB /* Assets.xcassets */ = {isa = PBXFileReference; lastKnownFileType = folder.assetcatalog; path = Assets.xcassets; sourceTree = "<group>"; };
		348146B02AA3365E007767AB /* Preview Assets.xcassets */ = {isa = PBXFileReference; lastKnownFileType = folder.assetcatalog; path = "Preview Assets.xcassets"; sourceTree = "<group>"; };
/* End PBXFileReference section */

/* Begin PBXFrameworksBuildPhase section */
		348146A32AA3365D007767AB /* Frameworks */ = {
			isa = PBXFrameworksBuildPhase;
			buildActionMask = 2147483647;
			files = (
				347162922AACB3F000676A5C /* Hero in Frameworks */,
			);
			runOnlyForDeploymentPostprocessing = 0;
		};
/* End PBXFrameworksBuildPhase section */

/* Begin PBXGroup section */
		347162842AAC93D600676A5C /* Structs */ = {
			isa = PBXGroup;
			children = (
				3471628F2AAC97C000676A5C /* Screens */,
			);
			path = Structs;
			sourceTree = "<group>";
		};
		347162872AAC947500676A5C /* ViewModelsv */ = {
			isa = PBXGroup;
			children = (
				347162852AAC945800676A5C /* ContentViewViewModel.swift */,
				347162882AAC94BB00676A5C /* FullScreenViewViewModel.swift */,
			);
			path = ViewModelsv;
			sourceTree = "<group>";
		};
		3471628F2AAC97C000676A5C /* Screens */ = {
			isa = PBXGroup;
			children = (
				3471628D2AAC971E00676A5C /* FullImageScreen.swift */,
			);
			path = Screens;
			sourceTree = "<group>";
		};
		3481469D2AA3365D007767AB = {
			isa = PBXGroup;
			children = (
				348146A82AA3365D007767AB /* SandStromTest */,
				348146A72AA3365D007767AB /* Products */,
			);
			sourceTree = "<group>";
		};
		348146A72AA3365D007767AB /* Products */ = {
			isa = PBXGroup;
			children = (
				348146A62AA3365D007767AB /* SandStromTest.app */,
			);
			name = Products;
			sourceTree = "<group>";
		};
		348146A82AA3365D007767AB /* SandStromTest */ = {
			isa = PBXGroup;
			children = (
				348146A92AA3365D007767AB /* SandStromTestApp.swift */,
				348146AB2AA3365D007767AB /* ContentView.swift */,
				347162872AAC947500676A5C /* ViewModelsv */,
				347162842AAC93D600676A5C /* Structs */,
				348146AD2AA3365E007767AB /* Assets.xcassets */,
				348146AF2AA3365E007767AB /* Preview Content */,
			);
			path = SandStromTest;
			sourceTree = "<group>";
		};
		348146AF2AA3365E007767AB /* Preview Content */ = {
			isa = PBXGroup;
			children = (
				348146B02AA3365E007767AB /* Preview Assets.xcassets */,
			);
			path = "Preview Content";
			sourceTree = "<group>";
		};
/* End PBXGroup section */

/* Begin PBXNativeTarget section */
		348146A52AA3365D007767AB /* SandStromTest */ = {
			isa = PBXNativeTarget;
			buildConfigurationList = 348146B42AA3365E007767AB /* Build configuration list for PBXNativeTarget "SandStromTest" */;
			buildPhases = (
				348146A22AA3365D007767AB /* Sources */,
				348146A32AA3365D007767AB /* Frameworks */,
				348146A42AA3365D007767AB /* Resources */,
			);
			buildRules = (
			);
			dependencies = (
			);
			name = SandStromTest;
			packageProductDependencies = (
				347162912AACB3F000676A5C /* Hero */,
			);
			productName = SandStromTest;
			productReference = 348146A62AA3365D007767AB /* SandStromTest.app */;
			productType = "com.apple.product-type.application";
		};
/* End PBXNativeTarget section */

/* Begin PBXProject section */
		3481469E2AA3365D007767AB /* Project object */ = {
			isa = PBXProject;
			attributes = {
				BuildIndependentTargetsInParallel = 1;
				LastSwiftUpdateCheck = 1430;
				LastUpgradeCheck = 1430;
				TargetAttributes = {
					348146A52AA3365D007767AB = {
						CreatedOnToolsVersion = 14.3.1;
					};
				};
			};
			buildConfigurationList = 348146A12AA3365D007767AB /* Build configuration list for PBXProject "SandStromTest" */;
			compatibilityVersion = "Xcode 14.0";
			developmentRegion = en;
			hasScannedForEncodings = 0;
			knownRegions = (
				en,
				Base,
			);
			mainGroup = 3481469D2AA3365D007767AB;
			packageReferences = (
				347162902AACB3F000676A5C /* XCRemoteSwiftPackageReference "Hero" */,
			);
			productRefGroup = 348146A72AA3365D007767AB /* Products */;
			projectDirPath = "";
			projectRoot = "";
			targets = (
				348146A52AA3365D007767AB /* SandStromTest */,
			);
		};
/* End PBXProject section */

/* Begin PBXResourcesBuildPhase section */
		348146A42AA3365D007767AB /* Resources */ = {
			isa = PBXResourcesBuildPhase;
			buildActionMask = 2147483647;
			files = (
				348146B12AA3365E007767AB /* Preview Assets.xcassets in Resources */,
				348146AE2AA3365E007767AB /* Assets.xcassets in Resources */,
			);
			runOnlyForDeploymentPostprocessing = 0;
		};
/* End PBXResourcesBuildPhase section */

/* Begin PBXSourcesBuildPhase section */
		348146A22AA3365D007767AB /* Sources */ = {
			isa = PBXSourcesBuildPhase;
			buildActionMask = 2147483647;
			files = (
				347162892AAC94BB00676A5C /* FullScreenViewViewModel.swift in Sources */,
				348146AC2AA3365D007767AB /* ContentView.swift in Sources */,
				348146AA2AA3365D007767AB /* SandStromTestApp.swift in Sources */,
				347162862AAC945800676A5C /* ContentViewViewModel.swift in Sources */,
				3471628E2AAC971E00676A5C /* FullImageScreen.swift in Sources */,
			);
			runOnlyForDeploymentPostprocessing = 0;
		};
/* End PBXSourcesBuildPhase section */

/* Begin XCBuildConfiguration section */
		348146B22AA3365E007767AB /* Debug */ = {
			isa = XCBuildConfiguration;
			buildSettings = {
				ALWAYS_SEARCH_USER_PATHS = NO;
				CLANG_ANALYZER_NONNULL = YES;
				CLANG_ANALYZER_NUMBER_OBJECT_CONVERSION = YES_AGGRESSIVE;
				CLANG_CXX_LANGUAGE_STANDARD = "gnu++20";
				CLANG_ENABLE_MODULES = YES;
				CLANG_ENABLE_OBJC_ARC = YES;
				CLANG_ENABLE_OBJC_WEAK = YES;
				CLANG_WARN_BLOCK_CAPTURE_AUTORELEASING = YES;
				CLANG_WARN_BOOL_CONVERSION = YES;
				CLANG_WARN_COMMA = YES;
				CLANG_WARN_CONSTANT_CONVERSION = YES;
				CLANG_WARN_DEPRECATED_OBJC_IMPLEMENTATIONS = YES;
				CLANG_WARN_DIRECT_OBJC_ISA_USAGE = YES_ERROR;
				CLANG_WARN_DOCUMENTATION_COMMENTS = YES;
				CLANG_WARN_EMPTY_BODY = YES;
				CLANG_WARN_ENUM_CONVERSION = YES;
				CLANG_WARN_INFINITE_RECURSION = YES;
				CLANG_WARN_INT_CONVERSION = YES;
				CLANG_WARN_NON_LITERAL_NULL_CONVERSION = YES;
				CLANG_WARN_OBJC_IMPLICIT_RETAIN_SELF = YES;
				CLANG_WARN_OBJC_LITERAL_CONVERSION = YES;
				CLANG_WARN_OBJC_ROOT_CLASS = YES_ERROR;
				CLANG_WARN_QUOTED_INCLUDE_IN_FRAMEWORK_HEADER = YES;
				CLANG_WARN_RANGE_LOOP_ANALYSIS = YES;
				CLANG_WARN_STRICT_PROTOTYPES = YES;
				CLANG_WARN_SUSPICIOUS_MOVE = YES;
				CLANG_WARN_UNGUARDED_AVAILABILITY = YES_AGGRESSIVE;
				CLANG_WARN_UNREACHABLE_CODE = YES;
				CLANG_WARN__DUPLICATE_METHOD_MATCH = YES;
				COPY_PHASE_STRIP = NO;
				DEBUG_INFORMATION_FORMAT = dwarf;
				ENABLE_STRICT_OBJC_MSGSEND = YES;
				ENABLE_TESTABILITY = YES;
				GCC_C_LANGUAGE_STANDARD = gnu11;
				GCC_DYNAMIC_NO_PIC = NO;
				GCC_NO_COMMON_BLOCKS = YES;
				GCC_OPTIMIZATION_LEVEL = 0;
				GCC_PREPROCESSOR_DEFINITIONS = (
					"DEBUG=1",
					"$(inherited)",
				);
				GCC_WARN_64_TO_32_BIT_CONVERSION = YES;
				GCC_WARN_ABOUT_RETURN_TYPE = YES_ERROR;
				GCC_WARN_UNDECLARED_SELECTOR = YES;
				GCC_WARN_UNINITIALIZED_AUTOS = YES_AGGRESSIVE;
				GCC_WARN_UNUSED_FUNCTION = YES;
				GCC_WARN_UNUSED_VARIABLE = YES;
				IPHONEOS_DEPLOYMENT_TARGET = 16.4;
				MTL_ENABLE_DEBUG_INFO = INCLUDE_SOURCE;
				MTL_FAST_MATH = YES;
				ONLY_ACTIVE_ARCH = YES;
				SDKROOT = iphoneos;
				SWIFT_ACTIVE_COMPILATION_CONDITIONS = DEBUG;
				SWIFT_OPTIMIZATION_LEVEL = "-Onone";
			};
			name = Debug;
		};
		348146B32AA3365E007767AB /* Release */ = {
			isa = XCBuildConfiguration;
			buildSettings = {
				ALWAYS_SEARCH_USER_PATHS = NO;
				CLANG_ANALYZER_NONNULL = YES;
				CLANG_ANALYZER_NUMBER_OBJECT_CONVERSION = YES_AGGRESSIVE;
				CLANG_CXX_LANGUAGE_STANDARD = "gnu++20";
				CLANG_ENABLE_MODULES = YES;
				CLANG_ENABLE_OBJC_ARC = YES;
				CLANG_ENABLE_OBJC_WEAK = YES;
				CLANG_WARN_BLOCK_CAPTURE_AUTORELEASING = YES;
				CLANG_WARN_BOOL_CONVERSION = YES;
				CLANG_WARN_COMMA = YES;
				CLANG_WARN_CONSTANT_CONVERSION = YES;
				CLANG_WARN_DEPRECATED_OBJC_IMPLEMENTATIONS = YES;
				CLANG_WARN_DIRECT_OBJC_ISA_USAGE = YES_ERROR;
				CLANG_WARN_DOCUMENTATION_COMMENTS = YES;
				CLANG_WARN_EMPTY_BODY = YES;
				CLANG_WARN_ENUM_CONVERSION = YES;
				CLANG_WARN_INFINITE_RECURSION = YES;
				CLANG_WARN_INT_CONVERSION = YES;
				CLANG_WARN_NON_LITERAL_NULL_CONVERSION = YES;
				CLANG_WARN_OBJC_IMPLICIT_RETAIN_SELF = YES;
				CLANG_WARN_OBJC_LITERAL_CONVERSION = YES;
				CLANG_WARN_OBJC_ROOT_CLASS = YES_ERROR;
				CLANG_WARN_QUOTED_INCLUDE_IN_FRAMEWORK_HEADER = YES;
				CLANG_WARN_RANGE_LOOP_ANALYSIS = YES;
				CLANG_WARN_STRICT_PROTOTYPES = YES;
				CLANG_WARN_SUSPICIOUS_MOVE = YES;
				CLANG_WARN_UNGUARDED_AVAILABILITY = YES_AGGRESSIVE;
				CLANG_WARN_UNREACHABLE_CODE = YES;
				CLANG_WARN__DUPLICATE_METHOD_MATCH = YES;
				COPY_PHASE_STRIP = NO;
				DEBUG_INFORMATION_FORMAT = "dwarf-with-dsym";
				ENABLE_NS_ASSERTIONS = NO;
				ENABLE_STRICT_OBJC_MSGSEND = YES;
				GCC_C_LANGUAGE_STANDARD = gnu11;
				GCC_NO_COMMON_BLOCKS = YES;
				GCC_WARN_64_TO_32_BIT_CONVERSION = YES;
				GCC_WARN_ABOUT_RETURN_TYPE = YES_ERROR;
				GCC_WARN_UNDECLARED_SELECTOR = YES;
				GCC_WARN_UNINITIALIZED_AUTOS = YES_AGGRESSIVE;
				GCC_WARN_UNUSED_FUNCTION = YES;
				GCC_WARN_UNUSED_VARIABLE = YES;
				IPHONEOS_DEPLOYMENT_TARGET = 16.4;
				MTL_ENABLE_DEBUG_INFO = NO;
				MTL_FAST_MATH = YES;
				SDKROOT = iphoneos;
				SWIFT_COMPILATION_MODE = wholemodule;
				SWIFT_OPTIMIZATION_LEVEL = "-O";
				VALIDATE_PRODUCT = YES;
			};
			name = Release;
		};
		348146B52AA3365E007767AB /* Debug */ = {
			isa = XCBuildConfiguration;
			buildSettings = {
				ASSETCATALOG_COMPILER_APPICON_NAME = AppIcon;
				ASSETCATALOG_COMPILER_GLOBAL_ACCENT_COLOR_NAME = AccentColor;
				CODE_SIGN_STYLE = Automatic;
				CURRENT_PROJECT_VERSION = 1;
				DEVELOPMENT_ASSET_PATHS = "\"SandStromTest/Preview Content\"";
				DEVELOPMENT_TEAM = 5J526AW5AV;
				ENABLE_PREVIEWS = YES;
				GENERATE_INFOPLIST_FILE = YES;
				INFOPLIST_KEY_UIApplicationSceneManifest_Generation = YES;
				INFOPLIST_KEY_UIApplicationSupportsIndirectInputEvents = YES;
				INFOPLIST_KEY_UILaunchScreen_Generation = YES;
				INFOPLIST_KEY_UISupportedInterfaceOrientations_iPad = "UIInterfaceOrientationPortrait UIInterfaceOrientationPortraitUpsideDown UIInterfaceOrientationLandscapeLeft UIInterfaceOrientationLandscapeRight";
				INFOPLIST_KEY_UISupportedInterfaceOrientations_iPhone = "UIInterfaceOrientationPortrait UIInterfaceOrientationLandscapeLeft UIInterfaceOrientationLandscapeRight";
				LD_RUNPATH_SEARCH_PATHS = (
					"$(inherited)",
					"@executable_path/Frameworks",
				);
				MARKETING_VERSION = 1.0;
				PRODUCT_BUNDLE_IDENTIFIER = anvient.SandStromTest;
				PRODUCT_NAME = "$(TARGET_NAME)";
				SWIFT_EMIT_LOC_STRINGS = YES;
				SWIFT_VERSION = 5.0;
				TARGETED_DEVICE_FAMILY = "1,2";
			};
			name = Debug;
		};
		348146B62AA3365E007767AB /* Release */ = {
			isa = XCBuildConfiguration;
			buildSettings = {
				ASSETCATALOG_COMPILER_APPICON_NAME = AppIcon;
				ASSETCATALOG_COMPILER_GLOBAL_ACCENT_COLOR_NAME = AccentColor;
				CODE_SIGN_STYLE = Automatic;
				CURRENT_PROJECT_VERSION = 1;
				DEVELOPMENT_ASSET_PATHS = "\"SandStromTest/Preview Content\"";
				DEVELOPMENT_TEAM = 5J526AW5AV;
				ENABLE_PREVIEWS = YES;
				GENERATE_INFOPLIST_FILE = YES;
				INFOPLIST_KEY_UIApplicationSceneManifest_Generation = YES;
				INFOPLIST_KEY_UIApplicationSupportsIndirectInputEvents = YES;
				INFOPLIST_KEY_UILaunchScreen_Generation = YES;
				INFOPLIST_KEY_UISupportedInterfaceOrientations_iPad = "UIInterfaceOrientationPortrait UIInterfaceOrientationPortraitUpsideDown UIInterfaceOrientationLandscapeLeft UIInterfaceOrientationLandscapeRight";
				INFOPLIST_KEY_UISupportedInterfaceOrientations_iPhone = "UIInterfaceOrientationPortrait UIInterfaceOrientationLandscapeLeft UIInterfaceOrientationLandscapeRight";
				LD_RUNPATH_SEARCH_PATHS = (
					"$(inherited)",
					"@executable_path/Frameworks",
				);
				MARKETING_VERSION = 1.0;
				PRODUCT_BUNDLE_IDENTIFIER = anvient.SandStromTest;
				PRODUCT_NAME = "$(TARGET_NAME)";
				SWIFT_EMIT_LOC_STRINGS = YES;
				SWIFT_VERSION = 5.0;
				TARGETED_DEVICE_FAMILY = "1,2";
			};
			name = Release;
		};
/* End XCBuildConfiguration section */

/* Begin XCConfigurationList section */
		348146A12AA3365D007767AB /* Build configuration list for PBXProject "SandStromTest" */ = {
			isa = XCConfigurationList;
			buildConfigurations = (
				348146B22AA3365E007767AB /* Debug */,
				348146B32AA3365E007767AB /* Release */,
			);
			defaultConfigurationIsVisible = 0;
			defaultConfigurationName = Release;
		};
		348146B42AA3365E007767AB /* Build configuration list for PBXNativeTarget "SandStromTest" */ = {
			isa = XCConfigurationList;
			buildConfigurations = (
				348146B52AA3365E007767AB /* Debug */,
				348146B62AA3365E007767AB /* Release */,
			);
			defaultConfigurationIsVisible = 0;
			defaultConfigurationName = Release;
		};
/* End XCConfigurationList section */

/* Begin XCRemoteSwiftPackageReference section */
		347162902AACB3F000676A5C /* XCRemoteSwiftPackageReference "Hero" */ = {
			isa = XCRemoteSwiftPackageReference;
			repositoryURL = "https://github.com/HeroTransitions/Hero";
			requirement = {
				kind = upToNextMajorVersion;
				minimumVersion = 1.0.0;
			};
		};
/* End XCRemoteSwiftPackageReference section */

/* Begin XCSwiftPackageProductDependency section */
		347162912AACB3F000676A5C /* Hero */ = {
			isa = XCSwiftPackageProductDependency;
			package = 347162902AACB3F000676A5C /* XCRemoteSwiftPackageReference "Hero" */;
			productName = Hero;
		};
/* End XCSwiftPackageProductDependency section */
	};
	rootObject = 3481469E2AA3365D007767AB /* Project object */;
}
